{
  "requires": true,
  "lockfileVersion": 1,
  "dependencies": {
    "nadya-palindrome": {
      "version": "0.1.0",
      "resolved": "https://registry.npmjs.org/nadya-palindrome/-/nadya-palindrome-0.1.0.tgz",
      "integrity": "sha512-Sml9XUx8XKC+oY+0WBi6eNVAuAMHFXrdvaeFKFtYmV1x4v9rjSIN0eIhrNsEwPvYujhdhD9EX0hXpu53taDBFw=="
    }
  }
}
